# This file is automatically @generated by Cargo.
# It is not intended for manual editing.
version = 4

[[package]]
name = "Blazing-SSG"
version = "0.1.0"
dependencies = [
 "tl",
]

[[package]]
name = "tl"
version = "0.7.8"
source = "registry+https://github.com/rust-lang/crates.io-index"
checksum = "b130bd8a58c163224b44e217b4239ca7b927d82bf6cc2fea1fc561d15056e3f7"
